// !$*UTF8*$!
{
	archiveVersion = 1;
	classes = {
	};
	objectVersion = 56;
	objects = {

/* Begin PBXBuildFile section */
		9DEB347B292F2BE60010C0F6 /* AppDelegate.swift in Sources */ = {isa = PBXBuildFile; fileRef = 9DEB347A292F2BE60010C0F6 /* AppDelegate.swift */; };
		9DEB347D292F2BE60010C0F6 /* SceneDelegate.swift in Sources */ = {isa = PBXBuildFile; fileRef = 9DEB347C292F2BE60010C0F6 /* SceneDelegate.swift */; };
		9DEB347F292F2BE60010C0F6 /* ViewController.swift in Sources */ = {isa = PBXBuildFile; fileRef = 9DEB347E292F2BE60010C0F6 /* ViewController.swift */; };
		9DEB3482292F2BE60010C0F6 /* Main.storyboard in Resources */ = {isa = PBXBuildFile; fileRef = 9DEB3480292F2BE60010C0F6 /* Main.storyboard */; };
		9DEB3484292F2BE90010C0F6 /* Assets.xcassets in Resources */ = {isa = PBXBuildFile; fileRef = 9DEB3483292F2BE90010C0F6 /* Assets.xcassets */; };
		9DEB3487292F2BE90010C0F6 /* LaunchScreen.storyboard in Resources */ = {isa = PBXBuildFile; fileRef = 9DEB3485292F2BE90010C0F6 /* LaunchScreen.storyboard */; };
		9DEB3492292F2BE90010C0F6 /* NetworkListenerTests.swift in Sources */ = {isa = PBXBuildFile; fileRef = 9DEB3491292F2BE90010C0F6 /* NetworkListenerTests.swift */; };
		9DEB349C292F2BE90010C0F6 /* NetworkListenerUITests.swift in Sources */ = {isa = PBXBuildFile; fileRef = 9DEB349B292F2BE90010C0F6 /* NetworkListenerUITests.swift */; };
		9DEB349E292F2BE90010C0F6 /* NetworkListenerUITestsLaunchTests.swift in Sources */ = {isa = PBXBuildFile; fileRef = 9DEB349D292F2BE90010C0F6 /* NetworkListenerUITestsLaunchTests.swift */; };
/* End PBXBuildFile section */

/* Begin PBXContainerItemProxy section */
		9DEB348E292F2BE90010C0F6 /* PBXContainerItemProxy */ = {
			isa = PBXContainerItemProxy;
			containerPortal = 9DEB346F292F2BE60010C0F6 /* Project object */;
			proxyType = 1;
			remoteGlobalIDString = 9DEB3476292F2BE60010C0F6;
			remoteInfo = NetworkListener;
		};
		9DEB3498292F2BE90010C0F6 /* PBXContainerItemProxy */ = {
			isa = PBXContainerItemProxy;
			containerPortal = 9DEB346F292F2BE60010C0F6 /* Project object */;
			proxyType = 1;
			remoteGlobalIDString = 9DEB3476292F2BE60010C0F6;
			remoteInfo = NetworkListener;
		};
/* End PBXContainerItemProxy section */

/* Begin PBXFileReference section */
		9DEB3477292F2BE60010C0F6 /* NetworkListener.app */ = {isa = PBXFileReference; explicitFileType = wrapper.application; includeInIndex = 0; path = NetworkListener.app; sourceTree = BUILT_PRODUCTS_DIR; };
		9DEB347A292F2BE60010C0F6 /* AppDelegate.swift */ = {isa = PBXFileReference; lastKnownFileType = sourcecode.swift; path = AppDelegate.swift; sourceTree = "<group>"; };
		9DEB347C292F2BE60010C0F6 /* SceneDelegate.swift */ = {isa = PBXFileReference; lastKnownFileType = sourcecode.swift; path = SceneDelegate.swift; sourceTree = "<group>"; };
		9DEB347E292F2BE60010C0F6 /* ViewController.swift */ = {isa = PBXFileReference; lastKnownFileType = sourcecode.swift; path = ViewController.swift; sourceTree = "<group>"; };
		9DEB3481292F2BE60010C0F6 /* Base */ = {isa = PBXFileReference; lastKnownFileType = file.storyboard; name = Base; path = Base.lproj/Main.storyboard; sourceTree = "<group>"; };
		9DEB3483292F2BE90010C0F6 /* Assets.xcassets */ = {isa = PBXFileReference; lastKnownFileType = folder.assetcatalog; path = Assets.xcassets; sourceTree = "<group>"; };
		9DEB3486292F2BE90010C0F6 /* Base */ = {isa = PBXFileReference; lastKnownFileType = file.storyboard; name = Base; path = Base.lproj/LaunchScreen.storyboard; sourceTree = "<group>"; };
		9DEB3488292F2BE90010C0F6 /* Info.plist */ = {isa = PBXFileReference; lastKnownFileType = text.plist.xml; path = Info.plist; sourceTree = "<group>"; };
		9DEB348D292F2BE90010C0F6 /* NetworkListenerTests.xctest */ = {isa = PBXFileReference; explicitFileType = wrapper.cfbundle; includeInIndex = 0; path = NetworkListenerTests.xctest; sourceTree = BUILT_PRODUCTS_DIR; };
		9DEB3491292F2BE90010C0F6 /* NetworkListenerTests.swift */ = {isa = PBXFileReference; lastKnownFileType = sourcecode.swift; path = NetworkListenerTests.swift; sourceTree = "<group>"; };
		9DEB3497292F2BE90010C0F6 /* NetworkListenerUITests.xctest */ = {isa = PBXFileReference; explicitFileType = wrapper.cfbundle; includeInIndex = 0; path = NetworkListenerUITests.xctest; sourceTree = BUILT_PRODUCTS_DIR; };
		9DEB349B292F2BE90010C0F6 /* NetworkListenerUITests.swift */ = {isa = PBXFileReference; lastKnownFileType = sourcecode.swift; path = NetworkListenerUITests.swift; sourceTree = "<group>"; };
		9DEB349D292F2BE90010C0F6 /* NetworkListenerUITestsLaunchTests.swift */ = {isa = PBXFileReference; lastKnownFileType = sourcecode.swift; path = NetworkListenerUITestsLaunchTests.swift; sourceTree = "<group>"; };
/* End PBXFileReference section */

/* Begin PBXFrameworksBuildPhase section */
		9DEB3474292F2BE60010C0F6 /* Frameworks */ = {
			isa = PBXFrameworksBuildPhase;
			buildActionMask = 2147483647;
			files = (
			);
			runOnlyForDeploymentPostprocessing = 0;
		};
		9DEB348A292F2BE90010C0F6 /* Frameworks */ = {
			isa = PBXFrameworksBuildPhase;
			buildActionMask = 2147483647;
			files = (
			);
			runOnlyForDeploymentPostprocessing = 0;
		};
		9DEB3494292F2BE90010C0F6 /* Frameworks */ = {
			isa = PBXFrameworksBuildPhase;
			buildActionMask = 2147483647;
			files = (
			);
			runOnlyForDeploymentPostprocessing = 0;
		};
/* End PBXFrameworksBuildPhase section */

/* Begin PBXGroup section */
		9DEB346E292F2BE60010C0F6 = {
			isa = PBXGroup;
			children = (
				9DEB3479292F2BE60010C0F6 /* NetworkListener */,
				9DEB3490292F2BE90010C0F6 /* NetworkListenerTests */,
				9DEB349A292F2BE90010C0F6 /* NetworkListenerUITests */,
				9DEB3478292F2BE60010C0F6 /* Products */,
			);
			sourceTree = "<group>";
		};
		9DEB3478292F2BE60010C0F6 /* Products */ = {
			isa = PBXGroup;
			children = (
				9DEB3477292F2BE60010C0F6 /* NetworkListener.app */,
				9DEB348D292F2BE90010C0F6 /* NetworkListenerTests.xctest */,
				9DEB3497292F2BE90010C0F6 /* NetworkListenerUITests.xctest */,
			);
			name = Products;
			sourceTree = "<group>";
		};
		9DEB3479292F2BE60010C0F6 /* NetworkListener */ = {
			isa = PBXGroup;
			children = (
				9DEB347A292F2BE60010C0F6 /* AppDelegate.swift */,
				9DEB347C292F2BE60010C0F6 /* SceneDelegate.swift */,
				9DEB347E292F2BE60010C0F6 /* ViewController.swift */,
				9DEB3480292F2BE60010C0F6 /* Main.storyboard */,
				9DEB3483292F2BE90010C0F6 /* Assets.xcassets */,
				9DEB3485292F2BE90010C0F6 /* LaunchScreen.storyboard */,
				9DEB3488292F2BE90010C0F6 /* Info.plist */,
			);
			path = NetworkListener;
			sourceTree = "<group>";
		};
		9DEB3490292F2BE90010C0F6 /* NetworkListenerTests */ = {
			isa = PBXGroup;
			children = (
				9DEB3491292F2BE90010C0F6 /* NetworkListenerTests.swift */,
			);
			path = NetworkListenerTests;
			sourceTree = "<group>";
		};
		9DEB349A292F2BE90010C0F6 /* NetworkListenerUITests */ = {
			isa = PBXGroup;
			children = (
				9DEB349B292F2BE90010C0F6 /* NetworkListenerUITests.swift */,
				9DEB349D292F2BE90010C0F6 /* NetworkListenerUITestsLaunchTests.swift */,
			);
			path = NetworkListenerUITests;
			sourceTree = "<group>";
		};
/* End PBXGroup section */

/* Begin PBXNativeTarget section */
		9DEB3476292F2BE60010C0F6 /* NetworkListener */ = {
			isa = PBXNativeTarget;
			buildConfigurationList = 9DEB34A1292F2BE90010C0F6 /* Build configuration list for PBXNativeTarget "NetworkListener" */;
			buildPhases = (
				9DEB3473292F2BE60010C0F6 /* Sources */,
				9DEB3474292F2BE60010C0F6 /* Frameworks */,
				9DEB3475292F2BE60010C0F6 /* Resources */,
			);
			buildRules = (
			);
			dependencies = (
			);
			name = NetworkListener;
			productName = NetworkListener;
			productReference = 9DEB3477292F2BE60010C0F6 /* NetworkListener.app */;
			productType = "com.apple.product-type.application";
		};
		9DEB348C292F2BE90010C0F6 /* NetworkListenerTests */ = {
			isa = PBXNativeTarget;
			buildConfigurationList = 9DEB34A4292F2BE90010C0F6 /* Build configuration list for PBXNativeTarget "NetworkListenerTests" */;
			buildPhases = (
				9DEB3489292F2BE90010C0F6 /* Sources */,
				9DEB348A292F2BE90010C0F6 /* Frameworks */,
				9DEB348B292F2BE90010C0F6 /* Resources */,
			);
			buildRules = (
			);
			dependencies = (
				9DEB348F292F2BE90010C0F6 /* PBXTargetDependency */,
			);
			name = NetworkListenerTests;
			productName = NetworkListenerTests;
			productReference = 9DEB348D292F2BE90010C0F6 /* NetworkListenerTests.xctest */;
			productType = "com.apple.product-type.bundle.unit-test";
		};
		9DEB3496292F2BE90010C0F6 /* NetworkListenerUITests */ = {
			isa = PBXNativeTarget;
			buildConfigurationList = 9DEB34A7292F2BE90010C0F6 /* Build configuration list for PBXNativeTarget "NetworkListenerUITests" */;
			buildPhases = (
				9DEB3493292F2BE90010C0F6 /* Sources */,
				9DEB3494292F2BE90010C0F6 /* Frameworks */,
				9DEB3495292F2BE90010C0F6 /* Resources */,
			);
			buildRules = (
			);
			dependencies = (
				9DEB3499292F2BE90010C0F6 /* PBXTargetDependency */,
			);
			name = NetworkListenerUITests;
			productName = NetworkListenerUITests;
			productReference = 9DEB3497292F2BE90010C0F6 /* NetworkListenerUITests.xctest */;
			productType = "com.apple.product-type.bundle.ui-testing";
		};
/* End PBXNativeTarget section */

/* Begin PBXProject section */
		9DEB346F292F2BE60010C0F6 /* Project object */ = {
			isa = PBXProject;
			attributes = {
				BuildIndependentTargetsInParallel = 1;
				LastSwiftUpdateCheck = 1400;
				LastUpgradeCheck = 1400;
				TargetAttributes = {
					9DEB3476292F2BE60010C0F6 = {
						CreatedOnToolsVersion = 14.0;
					};
					9DEB348C292F2BE90010C0F6 = {
						CreatedOnToolsVersion = 14.0;
						TestTargetID = 9DEB3476292F2BE60010C0F6;
					};
					9DEB3496292F2BE90010C0F6 = {
						CreatedOnToolsVersion = 14.0;
						TestTargetID = 9DEB3476292F2BE60010C0F6;
					};
				};
			};
			buildConfigurationList = 9DEB3472292F2BE60010C0F6 /* Build configuration list for PBXProject "NetworkListener" */;
			compatibilityVersion = "Xcode 14.0";
			developmentRegion = en;
			hasScannedForEncodings = 0;
			knownRegions = (
				en,
				Base,
			);
			mainGroup = 9DEB346E292F2BE60010C0F6;
			productRefGroup = 9DEB3478292F2BE60010C0F6 /* Products */;
			projectDirPath = "";
			projectRoot = "";
			targets = (
				9DEB3476292F2BE60010C0F6 /* NetworkListener */,
				9DEB348C292F2BE90010C0F6 /* NetworkListenerTests */,
				9DEB3496292F2BE90010C0F6 /* NetworkListenerUITests */,
			);
		};
/* End PBXProject section */

/* Begin PBXResourcesBuildPhase section */
		9DEB3475292F2BE60010C0F6 /* Resources */ = {
			isa = PBXResourcesBuildPhase;
			buildActionMask = 2147483647;
			files = (
				9DEB3487292F2BE90010C0F6 /* LaunchScreen.storyboard in Resources */,
				9DEB3484292F2BE90010C0F6 /* Assets.xcassets in Resources */,
				9DEB3482292F2BE60010C0F6 /* Main.storyboard in Resources */,
			);
			runOnlyForDeploymentPostprocessing = 0;
		};
		9DEB348B292F2BE90010C0F6 /* Resources */ = {
			isa = PBXResourcesBuildPhase;
			buildActionMask = 2147483647;
			files = (
			);
			runOnlyForDeploymentPostprocessing = 0;
		};
		9DEB3495292F2BE90010C0F6 /* Resources */ = {
			isa = PBXResourcesBuildPhase;
			buildActionMask = 2147483647;
			files = (
			);
			runOnlyForDeploymentPostprocessing = 0;
		};
/* End PBXResourcesBuildPhase section */

/* Begin PBXSourcesBuildPhase section */
		9DEB3473292F2BE60010C0F6 /* Sources */ = {
			isa = PBXSourcesBuildPhase;
			buildActionMask = 2147483647;
			files = (
				9DEB347F292F2BE60010C0F6 /* ViewController.swift in Sources */,
				9DEB347B292F2BE60010C0F6 /* AppDelegate.swift in Sources */,
				9DEB347D292F2BE60010C0F6 /* SceneDelegate.swift in Sources */,
			);
			runOnlyForDeploymentPostprocessing = 0;
		};
		9DEB3489292F2BE90010C0F6 /* Sources */ = {
			isa = PBXSourcesBuildPhase;
			buildActionMask = 2147483647;
			files = (
				9DEB3492292F2BE90010C0F6 /* NetworkListenerTests.swift in Sources */,
			);
			runOnlyForDeploymentPostprocessing = 0;
		};
		9DEB3493292F2BE90010C0F6 /* Sources */ = {
			isa = PBXSourcesBuildPhase;
			buildActionMask = 2147483647;
			files = (
				9DEB349C292F2BE90010C0F6 /* NetworkListenerUITests.swift in Sources */,
				9DEB349E292F2BE90010C0F6 /* NetworkListenerUITestsLaunchTests.swift in Sources */,
			);
			runOnlyForDeploymentPostprocessing = 0;
		};
/* End PBXSourcesBuildPhase section */

/* Begin PBXTargetDependency section */
		9DEB348F292F2BE90010C0F6 /* PBXTargetDependency */ = {
			isa = PBXTargetDependency;
			target = 9DEB3476292F2BE60010C0F6 /* NetworkListener */;
			targetProxy = 9DEB348E292F2BE90010C0F6 /* PBXContainerItemProxy */;
		};
		9DEB3499292F2BE90010C0F6 /* PBXTargetDependency */ = {
			isa = PBXTargetDependency;
			target = 9DEB3476292F2BE60010C0F6 /* NetworkListener */;
			targetProxy = 9DEB3498292F2BE90010C0F6 /* PBXContainerItemProxy */;
		};
/* End PBXTargetDependency section */

/* Begin PBXVariantGroup section */
		9DEB3480292F2BE60010C0F6 /* Main.storyboard */ = {
			isa = PBXVariantGroup;
			children = (
				9DEB3481292F2BE60010C0F6 /* Base */,
			);
			name = Main.storyboard;
			sourceTree = "<group>";
		};
		9DEB3485292F2BE90010C0F6 /* LaunchScreen.storyboard */ = {
			isa = PBXVariantGroup;
			children = (
				9DEB3486292F2BE90010C0F6 /* Base */,
			);
			name = LaunchScreen.storyboard;
			sourceTree = "<group>";
		};
/* End PBXVariantGroup section */

/* Begin XCBuildConfiguration section */
		9DEB349F292F2BE90010C0F6 /* Debug */ = {
			isa = XCBuildConfiguration;
			buildSettings = {
				ALWAYS_SEARCH_USER_PATHS = NO;
				CLANG_ANALYZER_NONNULL = YES;
				CLANG_ANALYZER_NUMBER_OBJECT_CONVERSION = YES_AGGRESSIVE;
				CLANG_CXX_LANGUAGE_STANDARD = "gnu++20";
				CLANG_ENABLE_MODULES = YES;
				CLANG_ENABLE_OBJC_ARC = YES;
				CLANG_ENABLE_OBJC_WEAK = YES;
				CLANG_WARN_BLOCK_CAPTURE_AUTORELEASING = YES;
				CLANG_WARN_BOOL_CONVERSION = YES;
				CLANG_WARN_COMMA = YES;
				CLANG_WARN_CONSTANT_CONVERSION = YES;
				CLANG_WARN_DEPRECATED_OBJC_IMPLEMENTATIONS = YES;
				CLANG_WARN_DIRECT_OBJC_ISA_USAGE = YES_ERROR;
				CLANG_WARN_DOCUMENTATION_COMMENTS = YES;
				CLANG_WARN_EMPTY_BODY = YES;
				CLANG_WARN_ENUM_CONVERSION = YES;
				CLANG_WARN_INFINITE_RECURSION = YES;
				CLANG_WARN_INT_CONVERSION = YES;
				CLANG_WARN_NON_LITERAL_NULL_CONVERSION = YES;
				CLANG_WARN_OBJC_IMPLICIT_RETAIN_SELF = YES;
				CLANG_WARN_OBJC_LITERAL_CONVERSION = YES;
				CLANG_WARN_OBJC_ROOT_CLASS = YES_ERROR;
				CLANG_WARN_QUOTED_INCLUDE_IN_FRAMEWORK_HEADER = YES;
				CLANG_WARN_RANGE_LOOP_ANALYSIS = YES;
				CLANG_WARN_STRICT_PROTOTYPES = YES;
				CLANG_WARN_SUSPICIOUS_MOVE = YES;
				CLANG_WARN_UNGUARDED_AVAILABILITY = YES_AGGRESSIVE;
				CLANG_WARN_UNREACHABLE_CODE = YES;
				CLANG_WARN__DUPLICATE_METHOD_MATCH = YES;
				COPY_PHASE_STRIP = NO;
				DEBUG_INFORMATION_FORMAT = dwarf;
				ENABLE_STRICT_OBJC_MSGSEND = YES;
				ENABLE_TESTABILITY = YES;
				GCC_C_LANGUAGE_STANDARD = gnu11;
				GCC_DYNAMIC_NO_PIC = NO;
				GCC_NO_COMMON_BLOCKS = YES;
				GCC_OPTIMIZATION_LEVEL = 0;
				GCC_PREPROCESSOR_DEFINITIONS = (
					"DEBUG=1",
					"$(inherited)",
				);
				GCC_WARN_64_TO_32_BIT_CONVERSION = YES;
				GCC_WARN_ABOUT_RETURN_TYPE = YES_ERROR;
				GCC_WARN_UNDECLARED_SELECTOR = YES;
				GCC_WARN_UNINITIALIZED_AUTOS = YES_AGGRESSIVE;
				GCC_WARN_UNUSED_FUNCTION = YES;
				GCC_WARN_UNUSED_VARIABLE = YES;
				IPHONEOS_DEPLOYMENT_TARGET = 16.0;
				MTL_ENABLE_DEBUG_INFO = INCLUDE_SOURCE;
				MTL_FAST_MATH = YES;
				ONLY_ACTIVE_ARCH = YES;
				SDKROOT = iphoneos;
				SWIFT_ACTIVE_COMPILATION_CONDITIONS = DEBUG;
				SWIFT_OPTIMIZATION_LEVEL = "-Onone";
			};
			name = Debug;
		};
		9DEB34A0292F2BE90010C0F6 /* Release */ = {
			isa = XCBuildConfiguration;
			buildSettings = {
				ALWAYS_SEARCH_USER_PATHS = NO;
				CLANG_ANALYZER_NONNULL = YES;
				CLANG_ANALYZER_NUMBER_OBJECT_CONVERSION = YES_AGGRESSIVE;
				CLANG_CXX_LANGUAGE_STANDARD = "gnu++20";
				CLANG_ENABLE_MODULES = YES;
				CLANG_ENABLE_OBJC_ARC = YES;
				CLANG_ENABLE_OBJC_WEAK = YES;
				CLANG_WARN_BLOCK_CAPTURE_AUTORELEASING = YES;
				CLANG_WARN_BOOL_CONVERSION = YES;
				CLANG_WARN_COMMA = YES;
				CLANG_WARN_CONSTANT_CONVERSION = YES;
				CLANG_WARN_DEPRECATED_OBJC_IMPLEMENTATIONS = YES;
				CLANG_WARN_DIRECT_OBJC_ISA_USAGE = YES_ERROR;
				CLANG_WARN_DOCUMENTATION_COMMENTS = YES;
				CLANG_WARN_EMPTY_BODY = YES;
				CLANG_WARN_ENUM_CONVERSION = YES;
				CLANG_WARN_INFINITE_RECURSION = YES;
				CLANG_WARN_INT_CONVERSION = YES;
				CLANG_WARN_NON_LITERAL_NULL_CONVERSION = YES;
				CLANG_WARN_OBJC_IMPLICIT_RETAIN_SELF = YES;
				CLANG_WARN_OBJC_LITERAL_CONVERSION = YES;
				CLANG_WARN_OBJC_ROOT_CLASS = YES_ERROR;
				CLANG_WARN_QUOTED_INCLUDE_IN_FRAMEWORK_HEADER = YES;
				CLANG_WARN_RANGE_LOOP_ANALYSIS = YES;
				CLANG_WARN_STRICT_PROTOTYPES = YES;
				CLANG_WARN_SUSPICIOUS_MOVE = YES;
				CLANG_WARN_UNGUARDED_AVAILABILITY = YES_AGGRESSIVE;
				CLANG_WARN_UNREACHABLE_CODE = YES;
				CLANG_WARN__DUPLICATE_METHOD_MATCH = YES;
				COPY_PHASE_STRIP = NO;
				DEBUG_INFORMATION_FORMAT = "dwarf-with-dsym";
				ENABLE_NS_ASSERTIONS = NO;
				ENABLE_STRICT_OBJC_MSGSEND = YES;
				GCC_C_LANGUAGE_STANDARD = gnu11;
				GCC_NO_COMMON_BLOCKS = YES;
				GCC_WARN_64_TO_32_BIT_CONVERSION = YES;
				GCC_WARN_ABOUT_RETURN_TYPE = YES_ERROR;
				GCC_WARN_UNDECLARED_SELECTOR = YES;
				GCC_WARN_UNINITIALIZED_AUTOS = YES_AGGRESSIVE;
				GCC_WARN_UNUSED_FUNCTION = YES;
				GCC_WARN_UNUSED_VARIABLE = YES;
				IPHONEOS_DEPLOYMENT_TARGET = 16.0;
				MTL_ENABLE_DEBUG_INFO = NO;
				MTL_FAST_MATH = YES;
				SDKROOT = iphoneos;
				SWIFT_COMPILATION_MODE = wholemodule;
				SWIFT_OPTIMIZATION_LEVEL = "-O";
				VALIDATE_PRODUCT = YES;
			};
			name = Release;
		};
		9DEB34A2292F2BE90010C0F6 /* Debug */ = {
			isa = XCBuildConfiguration;
			buildSettings = {
				ASSETCATALOG_COMPILER_APPICON_NAME = AppIcon;
				ASSETCATALOG_COMPILER_GLOBAL_ACCENT_COLOR_NAME = AccentColor;
				CODE_SIGN_STYLE = Automatic;
				CURRENT_PROJECT_VERSION = 1;
				GENERATE_INFOPLIST_FILE = YES;
				INFOPLIST_FILE = NetworkListener/Info.plist;
				INFOPLIST_KEY_UIApplicationSupportsIndirectInputEvents = YES;
				INFOPLIST_KEY_UILaunchStoryboardName = LaunchScreen;
				INFOPLIST_KEY_UIMainStoryboardFile = Main;
				INFOPLIST_KEY_UISupportedInterfaceOrientations_iPad = "UIInterfaceOrientationPortrait UIInterfaceOrientationPortraitUpsideDown UIInterfaceOrientationLandscapeLeft UIInterfaceOrientationLandscapeRight";
				INFOPLIST_KEY_UISupportedInterfaceOrientations_iPhone = "UIInterfaceOrientationPortrait UIInterfaceOrientationLandscapeLeft UIInterfaceOrientationLandscapeRight";
				LD_RUNPATH_SEARCH_PATHS = (
					"$(inherited)",
					"@executable_path/Frameworks",
				);
				MARKETING_VERSION = 1.0;
				PRODUCT_BUNDLE_IDENTIFIER = com.app.test.NetworkListener;
				PRODUCT_NAME = "$(TARGET_NAME)";
				SWIFT_EMIT_LOC_STRINGS = YES;
				SWIFT_VERSION = 5.0;
				TARGETED_DEVICE_FAMILY = "1,2";
			};
			name = Debug;
		};
		9DEB34A3292F2BE90010C0F6 /* Release */ = {
			isa = XCBuildConfiguration;
			buildSettings = {
				ASSETCATALOG_COMPILER_APPICON_NAME = AppIcon;
				ASSETCATALOG_COMPILER_GLOBAL_ACCENT_COLOR_NAME = AccentColor;
				CODE_SIGN_STYLE = Automatic;
				CURRENT_PROJECT_VERSION = 1;
				GENERATE_INFOPLIST_FILE = YES;
				INFOPLIST_FILE = NetworkListener/Info.plist;
				INFOPLIST_KEY_UIApplicationSupportsIndirectInputEvents = YES;
				INFOPLIST_KEY_UILaunchStoryboardName = LaunchScreen;
				INFOPLIST_KEY_UIMainStoryboardFile = Main;
				INFOPLIST_KEY_UISupportedInterfaceOrientations_iPad = "UIInterfaceOrientationPortrait UIInterfaceOrientationPortraitUpsideDown UIInterfaceOrientationLandscapeLeft UIInterfaceOrientationLandscapeRight";
				INFOPLIST_KEY_UISupportedInterfaceOrientations_iPhone = "UIInterfaceOrientationPortrait UIInterfaceOrientationLandscapeLeft UIInterfaceOrientationLandscapeRight";
				LD_RUNPATH_SEARCH_PATHS = (
					"$(inherited)",
					"@executable_path/Frameworks",
				);
				MARKETING_VERSION = 1.0;
				PRODUCT_BUNDLE_IDENTIFIER = com.app.test.NetworkListener;
				PRODUCT_NAME = "$(TARGET_NAME)";
				SWIFT_EMIT_LOC_STRINGS = YES;
				SWIFT_VERSION = 5.0;
				TARGETED_DEVICE_FAMILY = "1,2";
			};
			name = Release;
		};
		9DEB34A5292F2BE90010C0F6 /* Debug */ = {
			isa = XCBuildConfiguration;
			buildSettings = {
				ALWAYS_EMBED_SWIFT_STANDARD_LIBRARIES = YES;
				BUNDLE_LOADER = "$(TEST_HOST)";
				CODE_SIGN_STYLE = Automatic;
				CURRENT_PROJECT_VERSION = 1;
				GENERATE_INFOPLIST_FILE = YES;
				IPHONEOS_DEPLOYMENT_TARGET = 16.0;
				MARKETING_VERSION = 1.0;
				PRODUCT_BUNDLE_IDENTIFIER = com.app.test.NetworkListenerTests;
				PRODUCT_NAME = "$(TARGET_NAME)";
				SWIFT_EMIT_LOC_STRINGS = NO;
				SWIFT_VERSION = 5.0;
				TARGETED_DEVICE_FAMILY = "1,2";
				TEST_HOST = "$(BUILT_PRODUCTS_DIR)/NetworkListener.app/$(BUNDLE_EXECUTABLE_FOLDER_PATH)/NetworkListener";
			};
			name = Debug;
		};
		9DEB34A6292F2BE90010C0F6 /* Release */ = {
			isa = XCBuildConfiguration;
			buildSettings = {
				ALWAYS_EMBED_SWIFT_STANDARD_LIBRARIES = YES;
				BUNDLE_LOADER = "$(TEST_HOST)";
				CODE_SIGN_STYLE = Automatic;
				CURRENT_PROJECT_VERSION = 1;
				GENERATE_INFOPLIST_FILE = YES;
				IPHONEOS_DEPLOYMENT_TARGET = 16.0;
				MARKETING_VERSION = 1.0;
				PRODUCT_BUNDLE_IDENTIFIER = com.app.test.NetworkListenerTests;
				PRODUCT_NAME = "$(TARGET_NAME)";
				SWIFT_EMIT_LOC_STRINGS = NO;
				SWIFT_VERSION = 5.0;
				TARGETED_DEVICE_FAMILY = "1,2";
				TEST_HOST = "$(BUILT_PRODUCTS_DIR)/NetworkListener.app/$(BUNDLE_EXECUTABLE_FOLDER_PATH)/NetworkListener";
			};
			name = Release;
		};
		9DEB34A8292F2BE90010C0F6 /* Debug */ = {
			isa = XCBuildConfiguration;
			buildSettings = {
				ALWAYS_EMBED_SWIFT_STANDARD_LIBRARIES = YES;
				CODE_SIGN_STYLE = Automatic;
				CURRENT_PROJECT_VERSION = 1;
				GENERATE_INFOPLIST_FILE = YES;
				MARKETING_VERSION = 1.0;
				PRODUCT_BUNDLE_IDENTIFIER = com.app.test.NetworkListenerUITests;
				PRODUCT_NAME = "$(TARGET_NAME)";
				SWIFT_EMIT_LOC_STRINGS = NO;
				SWIFT_VERSION = 5.0;
				TARGETED_DEVICE_FAMILY = "1,2";
				TEST_TARGET_NAME = NetworkListener;
			};
			name = Debug;
		};
		9DEB34A9292F2BE90010C0F6 /* Release */ = {
			isa = XCBuildConfiguration;
			buildSettings = {
				ALWAYS_EMBED_SWIFT_STANDARD_LIBRARIES = YES;
				CODE_SIGN_STYLE = Automatic;
				CURRENT_PROJECT_VERSION = 1;
				GENERATE_INFOPLIST_FILE = YES;
				MARKETING_VERSION = 1.0;
				PRODUCT_BUNDLE_IDENTIFIER = com.app.test.NetworkListenerUITests;
				PRODUCT_NAME = "$(TARGET_NAME)";
				SWIFT_EMIT_LOC_STRINGS = NO;
				SWIFT_VERSION = 5.0;
				TARGETED_DEVICE_FAMILY = "1,2";
				TEST_TARGET_NAME = NetworkListener;
			};
			name = Release;
		};
/* End XCBuildConfiguration section */

/* Begin XCConfigurationList section */
		9DEB3472292F2BE60010C0F6 /* Build configuration list for PBXProject "NetworkListener" */ = {
			isa = XCConfigurationList;
			buildConfigurations = (
				9DEB349F292F2BE90010C0F6 /* Debug */,
				9DEB34A0292F2BE90010C0F6 /* Release */,
			);
			defaultConfigurationIsVisible = 0;
			defaultConfigurationName = Release;
		};
		9DEB34A1292F2BE90010C0F6 /* Build configuration list for PBXNativeTarget "NetworkListener" */ = {
			isa = XCConfigurationList;
			buildConfigurations = (
				9DEB34A2292F2BE90010C0F6 /* Debug */,
				9DEB34A3292F2BE90010C0F6 /* Release */,
			);
			defaultConfigurationIsVisible = 0;
			defaultConfigurationName = Release;
		};
		9DEB34A4292F2BE90010C0F6 /* Build configuration list for PBXNativeTarget "NetworkListenerTests" */ = {
			isa = XCConfigurationList;
			buildConfigurations = (
				9DEB34A5292F2BE90010C0F6 /* Debug */,
				9DEB34A6292F2BE90010C0F6 /* Release */,
			);
			defaultConfigurationIsVisible = 0;
			defaultConfigurationName = Release;
		};
		9DEB34A7292F2BE90010C0F6 /* Build configuration list for PBXNativeTarget "NetworkListenerUITests" */ = {
			isa = XCConfigurationList;
			buildConfigurations = (
				9DEB34A8292F2BE90010C0F6 /* Debug */,
				9DEB34A9292F2BE90010C0F6 /* Release */,
			);
			defaultConfigurationIsVisible = 0;
			defaultConfigurationName = Release;
		};
/* End XCConfigurationList section */
	};
	rootObject = 9DEB346F292F2BE60010C0F6 /* Project object */;
}
